{
  "object": {
    "pins": [
      {
        "package": "DeviceHardware",
        "repositoryURL": "https://github.com/Shakshi3104/DeviceHardware",
        "state": {
          "branch": null,
          "revision": "d793cf34bd3ebb6541f35e3a4c0aeeaa2f31a6ee",
          "version": "2.0.0"
        }
      },
      {
        "package": "ProcessorKit",
        "repositoryURL": "https://github.com/Shakshi3104/ProcessorKit",
        "state": {
          "branch": null,
          "revision": "275aff042716b005d42d468828c9464171fd6d18",
          "version": "0.2.1"
        }
      }
    ]
  },
  "version": 1
}
