{
  "object": {
    "pins": [
      {
        "package": "DeviceHardware",
        "repositoryURL": "https://github.com/Shakshi3104/DeviceHardware",
        "state": {
          "branch": null,
          "revision": "7c94148fbf0a1fbae6ea6c812848527389c20deb",
          "version": "1.4.1"
        }
      },
      {
        "package": "ProcessorKit",
        "repositoryURL": "https://github.com/Shakshi3104/ProcessorKit",
        "state": {
          "branch": null,
          "revision": "275aff042716b005d42d468828c9464171fd6d18",
          "version": "0.2.1"
        }
      }
    ]
  },
  "version": 1
}
