{
  "object": {
    "pins": [
      {
        "package": "DeviceHardware",
        "repositoryURL": "https://github.com/Shakshi3104/DeviceHardware",
        "state": {
          "branch": null,
          "revision": "f934a5f7338dc7638e58cfb90f370eae589e2ca7",
          "version": "2.4.0"
        }
      },
      {
        "package": "ProcessorKit",
        "repositoryURL": "https://github.com/Shakshi3104/ProcessorKit",
        "state": {
          "branch": null,
          "revision": "275aff042716b005d42d468828c9464171fd6d18",
          "version": "0.2.1"
        }
      }
    ]
  },
  "version": 1
}
